{
  "originHash" : "65a62e0117eb82182ea06ee815ef5893209744261c5a6eadc94df4616eafa48d",
  "pins" : [
    {
      "identity" : "base58",
      "kind" : "remoteSourceControl",
      "location" : "https://github.com/anquii/Base58.git",
      "state" : {
        "revision" : "7e4a1e4e6813c750ed2f9e80a0494c608eebb2ca",
        "version" : "1.0.1"
      }
    },
    {
      "identity" : "base58check",
      "kind" : "remoteSourceControl",
      "location" : "https://github.com/anquii/Base58Check.git",
      "state" : {
        "revision" : "f35a770ff7f3fd553cc44057f492c0107cc7b481",
        "version" : "1.0.1"
      }
    },
    {
      "identity" : "bigint",
      "kind" : "remoteSourceControl",
      "location" : "https://github.com/attaswift/BigInt.git",
      "state" : {
        "revision" : "0ed110f7555c34ff468e72e1686e59721f2b0da6",
        "version" : "5.3.0"
      }
    },
    {
      "identity" : "bip32",
      "kind" : "remoteSourceControl",
      "location" : "https://github.com/zeugmaster/BIP32.git",
      "state" : {
        "revision" : "9147451d2fecc9678ef0ab4a880c8dd105ff5c8e",
        "version" : "1.2.1"
      }
    },
    {
      "identity" : "bip39",
      "kind" : "remoteSourceControl",
      "location" : "https://github.com/pengpengliu/BIP39.git",
      "state" : {
        "revision" : "e79bd90275e50643cf8f97208ffa536d0def3ec7",
        "version" : "1.0.1"
      }
    },
    {
      "identity" : "cashuswift",
      "kind" : "remoteSourceControl",
      "location" : "https://github.com/pablof7z/CashuSwift.git",
      "state" : {
        "branch" : "main",
        "revision" : "3501e3baed8882cdf5e9badb7c26c72c05211a1a"
      }
    },
    {
      "identity" : "cryptoswift",
      "kind" : "remoteSourceControl",
      "location" : "https://github.com/krzyzanowskim/CryptoSwift.git",
      "state" : {
        "revision" : "e45a26384239e028ec87fbcc788f513b67e10d8f",
        "version" : "1.9.0"
      }
    },
    {
      "identity" : "grdb.swift",
      "kind" : "remoteSourceControl",
      "location" : "https://github.com/groue/GRDB.swift.git",
      "state" : {
        "revision" : "2cf6c756e1e5ef6901ebae16576a7e4e4b834622",
        "version" : "6.29.3"
      }
    },
    {
      "identity" : "kingfisher",
      "kind" : "remoteSourceControl",
      "location" : "https://github.com/onevcat/Kingfisher.git",
      "state" : {
        "revision" : "d30a5fad881137e2267f96a8e3fc35c58999bb94",
        "version" : "8.6.2"
      }
    },
    {
      "identity" : "ndkswift",
      "kind" : "remoteSourceControl",
      "location" : "https://github.com/pablof7z/NDKSwift.git",
      "state" : {
        "branch" : "master",
        "revision" : "ccf4e1a4bfb50826c2cd59e30c45fccd9e963a17"
      }
    },
    {
      "identity" : "ripemd160",
      "kind" : "remoteSourceControl",
      "location" : "https://github.com/anquii/RIPEMD160.git",
      "state" : {
        "revision" : "15679c6fe1f3ae32ec1bad63bcc45aa422954f01",
        "version" : "1.0.0"
      }
    },
    {
      "identity" : "swift-bigint",
      "kind" : "remoteSourceControl",
      "location" : "https://github.com/mkrd/Swift-BigInt.git",
      "state" : {
        "revision" : "b07e961f4c999671cf8c2dc80e740899e8946013",
        "version" : "2.3.0"
      }
    },
    {
      "identity" : "swift-secp256k1",
      "kind" : "remoteSourceControl",
      "location" : "https://github.com/21-DOT-DEV/swift-secp256k1",
      "state" : {
        "revision" : "e2f4de7caec61e971081d44e73ea6ef20359743b",
        "version" : "0.19.0"
      }
    },
    {
      "identity" : "swiftcbor",
      "kind" : "remoteSourceControl",
      "location" : "https://github.com/myfreeweb/SwiftCBOR.git",
      "state" : {
        "revision" : "fd929a6d8f7651ce0f63fc99397fd5762358cc29",
        "version" : "0.6.0"
      }
    }
  ],
  "version" : 3
}
