// !$*UTF8*$!
{
	archiveVersion = 1;
	classes = {
	};
	objectVersion = 56;
	objects = {

/* Begin PBXBuildFile section */
		A1000001229A0001 /* ShipyardApp.swift in Sources */ = {isa = PBXBuildFile; fileRef = A1000001229A0002 /* ShipyardApp.swift */; };
		A1000001229A0003 /* ContentView.swift in Sources */ = {isa = PBXBuildFile; fileRef = A1000001229A0004 /* ContentView.swift */; };
		A1000001229A0005 /* AppState.swift in Sources */ = {isa = PBXBuildFile; fileRef = A1000001229A0006 /* AppState.swift */; };
		A1000001229A0007 /* Assets.xcassets in Resources */ = {isa = PBXBuildFile; fileRef = A1000001229A0008 /* Assets.xcassets */; };
		A1000001229A0009 /* NDKSwiftCore in Frameworks */ = {isa = PBXBuildFile; productRef = A1000001229A000A /* NDKSwiftCore */; };
		A1000001229A000B /* NDKSwiftUI in Frameworks */ = {isa = PBXBuildFile; productRef = A1000001229A000C /* NDKSwiftUI */; };
		A1000001229A000D /* NDKSwiftSQLite in Frameworks */ = {isa = PBXBuildFile; productRef = A1000001229A000E /* NDKSwiftSQLite */; };
		A1000002229A0001 /* LoginView.swift in Sources */ = {isa = PBXBuildFile; fileRef = A1000002229A0002 /* LoginView.swift */; };
		A1000002229A0003 /* HomeView.swift in Sources */ = {isa = PBXBuildFile; fileRef = A1000002229A0004 /* HomeView.swift */; };
		A1000002229A0005 /* ScheduledPostRow.swift in Sources */ = {isa = PBXBuildFile; fileRef = A1000002229A0006 /* ScheduledPostRow.swift */; };
		A1000002229A0007 /* PostDetailSheet.swift in Sources */ = {isa = PBXBuildFile; fileRef = A1000002229A0008 /* PostDetailSheet.swift */; };
		A1000002229A0009 /* NewPostView.swift in Sources */ = {isa = PBXBuildFile; fileRef = A1000002229A000A /* NewPostView.swift */; };
		A1000002229A000B /* SettingsView.swift in Sources */ = {isa = PBXBuildFile; fileRef = A1000002229A000C /* SettingsView.swift */; };
		A1000002229A000D /* ScheduledPost.swift in Sources */ = {isa = PBXBuildFile; fileRef = A1000002229A000E /* ScheduledPost.swift */; };
		A1000002229A000F /* Settings.swift in Sources */ = {isa = PBXBuildFile; fileRef = A1000002229A0010 /* Settings.swift */; };
/* End PBXBuildFile section */

/* Begin PBXFileReference section */
		A1000001229A0002 /* ShipyardApp.swift */ = {isa = PBXFileReference; lastKnownFileType = sourcecode.swift; path = ShipyardApp.swift; sourceTree = "<group>"; };
		A1000001229A0004 /* ContentView.swift */ = {isa = PBXFileReference; lastKnownFileType = sourcecode.swift; path = ContentView.swift; sourceTree = "<group>"; };
		A1000001229A0006 /* AppState.swift */ = {isa = PBXFileReference; lastKnownFileType = sourcecode.swift; path = AppState.swift; sourceTree = "<group>"; };
		A1000001229A0008 /* Assets.xcassets */ = {isa = PBXFileReference; lastKnownFileType = folder.assetcatalog; path = Assets.xcassets; sourceTree = "<group>"; };
		A1000001229A0010 /* Shipyard.app */ = {isa = PBXFileReference; explicitFileType = wrapper.application; includeInIndex = 0; path = Shipyard.app; sourceTree = BUILT_PRODUCTS_DIR; };
		A1000002229A0002 /* LoginView.swift */ = {isa = PBXFileReference; lastKnownFileType = sourcecode.swift; path = LoginView.swift; sourceTree = "<group>"; };
		A1000002229A0004 /* HomeView.swift */ = {isa = PBXFileReference; lastKnownFileType = sourcecode.swift; path = HomeView.swift; sourceTree = "<group>"; };
		A1000002229A0006 /* ScheduledPostRow.swift */ = {isa = PBXFileReference; lastKnownFileType = sourcecode.swift; path = ScheduledPostRow.swift; sourceTree = "<group>"; };
		A1000002229A0008 /* PostDetailSheet.swift */ = {isa = PBXFileReference; lastKnownFileType = sourcecode.swift; path = PostDetailSheet.swift; sourceTree = "<group>"; };
		A1000002229A000A /* NewPostView.swift */ = {isa = PBXFileReference; lastKnownFileType = sourcecode.swift; path = NewPostView.swift; sourceTree = "<group>"; };
		A1000002229A000C /* SettingsView.swift */ = {isa = PBXFileReference; lastKnownFileType = sourcecode.swift; path = SettingsView.swift; sourceTree = "<group>"; };
		A1000002229A000E /* ScheduledPost.swift */ = {isa = PBXFileReference; lastKnownFileType = sourcecode.swift; path = ScheduledPost.swift; sourceTree = "<group>"; };
		A1000002229A0010 /* Settings.swift */ = {isa = PBXFileReference; lastKnownFileType = sourcecode.swift; path = Settings.swift; sourceTree = "<group>"; };
/* End PBXFileReference section */

/* Begin PBXFrameworksBuildPhase section */
		A1000001229A0020 /* Frameworks */ = {
			isa = PBXFrameworksBuildPhase;
			buildActionMask = 2147483647;
			files = (
				A1000001229A0009 /* NDKSwiftCore in Frameworks */,
				A1000001229A000B /* NDKSwiftUI in Frameworks */,
				A1000001229A000D /* NDKSwiftSQLite in Frameworks */,
			);
			runOnlyForDeploymentPostprocessing = 0;
		};
/* End PBXFrameworksBuildPhase section */

/* Begin PBXGroup section */
		A1000001229A0030 = {
			isa = PBXGroup;
			children = (
				A1000001229A0031 /* Shipyard */,
				A1000001229A0040 /* Products */,
			);
			sourceTree = "<group>";
		};
		A1000001229A0031 /* Shipyard */ = {
			isa = PBXGroup;
			children = (
				A1000001229A0002 /* ShipyardApp.swift */,
				A1000001229A0032 /* Views */,
				A1000001229A0033 /* Models */,
				A1000001229A0034 /* Services */,
				A1000001229A0035 /* Utilities */,
				A1000001229A0008 /* Assets.xcassets */,
			);
			path = Shipyard;
			sourceTree = "<group>";
		};
		A1000001229A0032 /* Views */ = {
			isa = PBXGroup;
			children = (
				A1000001229A0004 /* ContentView.swift */,
				A1000002229A0002 /* LoginView.swift */,
				A1000002229A0004 /* HomeView.swift */,
				A1000002229A0006 /* ScheduledPostRow.swift */,
				A1000002229A0008 /* PostDetailSheet.swift */,
				A1000002229A000A /* NewPostView.swift */,
				A1000002229A000C /* SettingsView.swift */,
			);
			path = Views;
			sourceTree = "<group>";
		};
		A1000001229A0033 /* Models */ = {
			isa = PBXGroup;
			children = (
				A1000001229A0006 /* AppState.swift */,
				A1000002229A000E /* ScheduledPost.swift */,
				A1000002229A0010 /* Settings.swift */,
			);
			path = Models;
			sourceTree = "<group>";
		};
		A1000001229A0034 /* Services */ = {
			isa = PBXGroup;
			children = (
			);
			path = Services;
			sourceTree = "<group>";
		};
		A1000001229A0035 /* Utilities */ = {
			isa = PBXGroup;
			children = (
			);
			path = Utilities;
			sourceTree = "<group>";
		};
		A1000001229A0040 /* Products */ = {
			isa = PBXGroup;
			children = (
				A1000001229A0010 /* Shipyard.app */,
			);
			name = Products;
			sourceTree = "<group>";
		};
/* End PBXGroup section */

/* Begin PBXNativeTarget section */
		A1000001229A0050 /* Shipyard */ = {
			isa = PBXNativeTarget;
			buildConfigurationList = A1000001229A0060 /* Build configuration list for PBXNativeTarget "Shipyard" */;
			buildPhases = (
				A1000001229A0051 /* Sources */,
				A1000001229A0020 /* Frameworks */,
				A1000001229A0052 /* Resources */,
			);
			buildRules = (
			);
			dependencies = (
			);
			name = Shipyard;
			packageProductDependencies = (
				A1000001229A000A /* NDKSwiftCore */,
				A1000001229A000C /* NDKSwiftUI */,
				A1000001229A000E /* NDKSwiftSQLite */,
			);
			productName = Shipyard;
			productReference = A1000001229A0010 /* Shipyard.app */;
			productType = "com.apple.product-type.application";
		};
/* End PBXNativeTarget section */

/* Begin PBXProject section */
		A1000001229A0070 /* Project object */ = {
			isa = PBXProject;
			attributes = {
				BuildIndependentTargetsInParallel = 1;
				LastSwiftUpdateCheck = 1500;
				LastUpgradeCheck = 1500;
				TargetAttributes = {
					A1000001229A0050 = {
						CreatedOnToolsVersion = 15.0;
					};
				};
			};
			buildConfigurationList = A1000001229A0071 /* Build configuration list for PBXProject "Shipyard" */;
			compatibilityVersion = "Xcode 14.0";
			developmentRegion = en;
			hasScannedForEncodings = 0;
			knownRegions = (
				en,
				Base,
			);
			mainGroup = A1000001229A0030;
			packageReferences = (
				A1000001229A0080 /* XCRemoteSwiftPackageReference "NDKSwift" */,
			);
			productRefGroup = A1000001229A0040 /* Products */;
			projectDirPath = "";
			projectRoot = "";
			targets = (
				A1000001229A0050 /* Shipyard */,
			);
		};
/* End PBXProject section */

/* Begin PBXResourcesBuildPhase section */
		A1000001229A0052 /* Resources */ = {
			isa = PBXResourcesBuildPhase;
			buildActionMask = 2147483647;
			files = (
				A1000001229A0007 /* Assets.xcassets in Resources */,
			);
			runOnlyForDeploymentPostprocessing = 0;
		};
/* End PBXResourcesBuildPhase section */

/* Begin PBXSourcesBuildPhase section */
		A1000001229A0051 /* Sources */ = {
			isa = PBXSourcesBuildPhase;
			buildActionMask = 2147483647;
			files = (
				A1000001229A0001 /* ShipyardApp.swift in Sources */,
				A1000001229A0003 /* ContentView.swift in Sources */,
				A1000001229A0005 /* AppState.swift in Sources */,
				A1000002229A0001 /* LoginView.swift in Sources */,
				A1000002229A0003 /* HomeView.swift in Sources */,
				A1000002229A0005 /* ScheduledPostRow.swift in Sources */,
				A1000002229A0007 /* PostDetailSheet.swift in Sources */,
				A1000002229A0009 /* NewPostView.swift in Sources */,
				A1000002229A000B /* SettingsView.swift in Sources */,
				A1000002229A000D /* ScheduledPost.swift in Sources */,
				A1000002229A000F /* Settings.swift in Sources */,
			);
			runOnlyForDeploymentPostprocessing = 0;
		};
/* End PBXSourcesBuildPhase section */

/* Begin XCBuildConfiguration section */
		A1000001229A0090 /* Debug */ = {
			isa = XCBuildConfiguration;
			buildSettings = {
				ALWAYS_SEARCH_USER_PATHS = NO;
				ASSETCATALOG_COMPILER_GENERATE_SWIFT_ASSET_SYMBOL_EXTENSIONS = YES;
				CLANG_ANALYZER_NONNULL = YES;
				CLANG_ANALYZER_NUMBER_OBJECT_CONVERSION = YES_AGGRESSIVE;
				CLANG_CXX_LANGUAGE_STANDARD = "gnu++20";
				CLANG_ENABLE_MODULES = YES;
				CLANG_ENABLE_OBJC_ARC = YES;
				CLANG_ENABLE_OBJC_WEAK = YES;
				CLANG_WARN_BLOCK_CAPTURE_AUTORELEASING = YES;
				CLANG_WARN_BOOL_CONVERSION = YES;
				CLANG_WARN_COMMA = YES;
				CLANG_WARN_CONSTANT_CONVERSION = YES;
				CLANG_WARN_DEPRECATED_OBJC_IMPLEMENTATIONS = YES;
				CLANG_WARN_DIRECT_OBJC_ISA_USAGE = YES_ERROR;
				CLANG_WARN_DOCUMENTATION_COMMENTS = YES;
				CLANG_WARN_EMPTY_BODY = YES;
				CLANG_WARN_ENUM_CONVERSION = YES;
				CLANG_WARN_INFINITE_RECURSION = YES;
				CLANG_WARN_INT_CONVERSION = YES;
				CLANG_WARN_NON_LITERAL_NULL_CONVERSION = YES;
				CLANG_WARN_OBJC_IMPLICIT_RETAIN_SELF = YES;
				CLANG_WARN_OBJC_LITERAL_CONVERSION = YES;
				CLANG_WARN_OBJC_ROOT_CLASS = YES_ERROR;
				CLANG_WARN_QUOTED_INCLUDE_IN_FRAMEWORK_HEADER = YES;
				CLANG_WARN_RANGE_LOOP_ANALYSIS = YES;
				CLANG_WARN_STRICT_PROTOTYPES = YES;
				CLANG_WARN_SUSPICIOUS_MOVE = YES;
				CLANG_WARN_UNGUARDED_AVAILABILITY = YES_AGGRESSIVE;
				CLANG_WARN_UNREACHABLE_CODE = YES;
				CLANG_WARN__DUPLICATE_METHOD_MATCH = YES;
				COPY_PHASE_STRIP = NO;
				DEBUG_INFORMATION_FORMAT = dwarf;
				ENABLE_STRICT_OBJC_MSGSEND = YES;
				ENABLE_TESTABILITY = YES;
				ENABLE_USER_SCRIPT_SANDBOXING = YES;
				GCC_C_LANGUAGE_STANDARD = gnu17;
				GCC_DYNAMIC_NO_PIC = NO;
				GCC_NO_COMMON_BLOCKS = YES;
				GCC_OPTIMIZATION_LEVEL = 0;
				GCC_PREPROCESSOR_DEFINITIONS = (
					"DEBUG=1",
					"$(inherited)",
				);
				GCC_WARN_64_TO_32_BIT_CONVERSION = YES;
				GCC_WARN_ABOUT_RETURN_TYPE = YES_ERROR;
				GCC_WARN_UNDECLARED_SELECTOR = YES;
				GCC_WARN_UNINITIALIZED_AUTOS = YES_AGGRESSIVE;
				GCC_WARN_UNUSED_FUNCTION = YES;
				GCC_WARN_UNUSED_VARIABLE = YES;
				LOCALIZATION_PREFERS_STRING_CATALOGS = YES;
				MTL_ENABLE_DEBUG_INFO = INCLUDE_SOURCE;
				MTL_FAST_MATH = YES;
				ONLY_ACTIVE_ARCH = YES;
				SWIFT_ACTIVE_COMPILATION_CONDITIONS = "DEBUG $(inherited)";
				SWIFT_OPTIMIZATION_LEVEL = "-Onone";
			};
			name = Debug;
		};
		A1000001229A0091 /* Release */ = {
			isa = XCBuildConfiguration;
			buildSettings = {
				ALWAYS_SEARCH_USER_PATHS = NO;
				ASSETCATALOG_COMPILER_GENERATE_SWIFT_ASSET_SYMBOL_EXTENSIONS = YES;
				CLANG_ANALYZER_NONNULL = YES;
				CLANG_ANALYZER_NUMBER_OBJECT_CONVERSION = YES_AGGRESSIVE;
				CLANG_CXX_LANGUAGE_STANDARD = "gnu++20";
				CLANG_ENABLE_MODULES = YES;
				CLANG_ENABLE_OBJC_ARC = YES;
				CLANG_ENABLE_OBJC_WEAK = YES;
				CLANG_WARN_BLOCK_CAPTURE_AUTORELEASING = YES;
				CLANG_WARN_BOOL_CONVERSION = YES;
				CLANG_WARN_COMMA = YES;
				CLANG_WARN_CONSTANT_CONVERSION = YES;
				CLANG_WARN_DEPRECATED_OBJC_IMPLEMENTATIONS = YES;
				CLANG_WARN_DIRECT_OBJC_ISA_USAGE = YES_ERROR;
				CLANG_WARN_DOCUMENTATION_COMMENTS = YES;
				CLANG_WARN_EMPTY_BODY = YES;
				CLANG_WARN_ENUM_CONVERSION = YES;
				CLANG_WARN_INFINITE_RECURSION = YES;
				CLANG_WARN_INT_CONVERSION = YES;
				CLANG_WARN_NON_LITERAL_NULL_CONVERSION = YES;
				CLANG_WARN_OBJC_IMPLICIT_RETAIN_SELF = YES;
				CLANG_WARN_OBJC_LITERAL_CONVERSION = YES;
				CLANG_WARN_OBJC_ROOT_CLASS = YES_ERROR;
				CLANG_WARN_QUOTED_INCLUDE_IN_FRAMEWORK_HEADER = YES;
				CLANG_WARN_RANGE_LOOP_ANALYSIS = YES;
				CLANG_WARN_STRICT_PROTOTYPES = YES;
				CLANG_WARN_SUSPICIOUS_MOVE = YES;
				CLANG_WARN_UNGUARDED_AVAILABILITY = YES_AGGRESSIVE;
				CLANG_WARN_UNREACHABLE_CODE = YES;
				CLANG_WARN__DUPLICATE_METHOD_MATCH = YES;
				COPY_PHASE_STRIP = NO;
				DEBUG_INFORMATION_FORMAT = "dwarf-with-dsym";
				ENABLE_NS_ASSERTIONS = NO;
				ENABLE_STRICT_OBJC_MSGSEND = YES;
				ENABLE_USER_SCRIPT_SANDBOXING = YES;
				GCC_C_LANGUAGE_STANDARD = gnu17;
				GCC_NO_COMMON_BLOCKS = YES;
				GCC_WARN_64_TO_32_BIT_CONVERSION = YES;
				GCC_WARN_ABOUT_RETURN_TYPE = YES_ERROR;
				GCC_WARN_UNDECLARED_SELECTOR = YES;
				GCC_WARN_UNINITIALIZED_AUTOS = YES_AGGRESSIVE;
				GCC_WARN_UNUSED_FUNCTION = YES;
				GCC_WARN_UNUSED_VARIABLE = YES;
				LOCALIZATION_PREFERS_STRING_CATALOGS = YES;
				MTL_ENABLE_DEBUG_INFO = NO;
				MTL_FAST_MATH = YES;
				SWIFT_COMPILATION_MODE = wholemodule;
			};
			name = Release;
		};
		A1000001229A0092 /* Debug */ = {
			isa = XCBuildConfiguration;
			buildSettings = {
				ASSETCATALOG_COMPILER_APPICON_NAME = AppIcon;
				ASSETCATALOG_COMPILER_GLOBAL_ACCENT_COLOR_NAME = AccentColor;
				CODE_SIGN_ENTITLEMENTS = "";
				CODE_SIGN_STYLE = Automatic;
				CURRENT_PROJECT_VERSION = 1;
				DEVELOPMENT_ASSET_PATHS = "";
				ENABLE_HARDENED_RUNTIME = YES;
				ENABLE_PREVIEWS = YES;
				GENERATE_INFOPLIST_FILE = YES;
				INFOPLIST_KEY_CFBundleDisplayName = Shipyard;
				INFOPLIST_KEY_LSApplicationCategoryType = "public.app-category.social-networking";
				"INFOPLIST_KEY_UIApplicationSceneManifest_Generation[sdk=iphoneos*]" = YES;
				"INFOPLIST_KEY_UIApplicationSceneManifest_Generation[sdk=iphonesimulator*]" = YES;
				"INFOPLIST_KEY_UIApplicationSupportsIndirectInputEvents[sdk=iphoneos*]" = YES;
				"INFOPLIST_KEY_UIApplicationSupportsIndirectInputEvents[sdk=iphonesimulator*]" = YES;
				"INFOPLIST_KEY_UILaunchScreen_Generation[sdk=iphoneos*]" = YES;
				"INFOPLIST_KEY_UILaunchScreen_Generation[sdk=iphonesimulator*]" = YES;
				"INFOPLIST_KEY_UIStatusBarStyle[sdk=iphoneos*]" = UIStatusBarStyleDefault;
				"INFOPLIST_KEY_UIStatusBarStyle[sdk=iphonesimulator*]" = UIStatusBarStyleDefault;
				INFOPLIST_KEY_UISupportedInterfaceOrientations_iPad = "UIInterfaceOrientationPortrait UIInterfaceOrientationPortraitUpsideDown UIInterfaceOrientationLandscapeLeft UIInterfaceOrientationLandscapeRight";
				INFOPLIST_KEY_UISupportedInterfaceOrientations_iPhone = "UIInterfaceOrientationPortrait UIInterfaceOrientationLandscapeLeft UIInterfaceOrientationLandscapeRight";
				IPHONEOS_DEPLOYMENT_TARGET = 17.0;
				LD_RUNPATH_SEARCH_PATHS = "@executable_path/Frameworks";
				"LD_RUNPATH_SEARCH_PATHS[sdk=macosx*]" = "@executable_path/../Frameworks";
				MACOSX_DEPLOYMENT_TARGET = 14.0;
				MARKETING_VERSION = 1.0;
				PRODUCT_BUNDLE_IDENTIFIER = com.shipyard.app;
				PRODUCT_NAME = "$(TARGET_NAME)";
				SDKROOT = auto;
				SUPPORTED_PLATFORMS = "iphoneos iphonesimulator macosx";
				SWIFT_EMIT_LOC_STRINGS = YES;
				SWIFT_VERSION = 5.0;
				TARGETED_DEVICE_FAMILY = "1,2";
			};
			name = Debug;
		};
		A1000001229A0093 /* Release */ = {
			isa = XCBuildConfiguration;
			buildSettings = {
				ASSETCATALOG_COMPILER_APPICON_NAME = AppIcon;
				ASSETCATALOG_COMPILER_GLOBAL_ACCENT_COLOR_NAME = AccentColor;
				CODE_SIGN_ENTITLEMENTS = "";
				CODE_SIGN_STYLE = Automatic;
				CURRENT_PROJECT_VERSION = 1;
				DEVELOPMENT_ASSET_PATHS = "";
				ENABLE_HARDENED_RUNTIME = YES;
				ENABLE_PREVIEWS = YES;
				GENERATE_INFOPLIST_FILE = YES;
				INFOPLIST_KEY_CFBundleDisplayName = Shipyard;
				INFOPLIST_KEY_LSApplicationCategoryType = "public.app-category.social-networking";
				"INFOPLIST_KEY_UIApplicationSceneManifest_Generation[sdk=iphoneos*]" = YES;
				"INFOPLIST_KEY_UIApplicationSceneManifest_Generation[sdk=iphonesimulator*]" = YES;
				"INFOPLIST_KEY_UIApplicationSupportsIndirectInputEvents[sdk=iphoneos*]" = YES;
				"INFOPLIST_KEY_UIApplicationSupportsIndirectInputEvents[sdk=iphonesimulator*]" = YES;
				"INFOPLIST_KEY_UILaunchScreen_Generation[sdk=iphoneos*]" = YES;
				"INFOPLIST_KEY_UILaunchScreen_Generation[sdk=iphonesimulator*]" = YES;
				"INFOPLIST_KEY_UIStatusBarStyle[sdk=iphoneos*]" = UIStatusBarStyleDefault;
				"INFOPLIST_KEY_UIStatusBarStyle[sdk=iphonesimulator*]" = UIStatusBarStyleDefault;
				INFOPLIST_KEY_UISupportedInterfaceOrientations_iPad = "UIInterfaceOrientationPortrait UIInterfaceOrientationPortraitUpsideDown UIInterfaceOrientationLandscapeLeft UIInterfaceOrientationLandscapeRight";
				INFOPLIST_KEY_UISupportedInterfaceOrientations_iPhone = "UIInterfaceOrientationPortrait UIInterfaceOrientationLandscapeLeft UIInterfaceOrientationLandscapeRight";
				IPHONEOS_DEPLOYMENT_TARGET = 17.0;
				LD_RUNPATH_SEARCH_PATHS = "@executable_path/Frameworks";
				"LD_RUNPATH_SEARCH_PATHS[sdk=macosx*]" = "@executable_path/../Frameworks";
				MACOSX_DEPLOYMENT_TARGET = 14.0;
				MARKETING_VERSION = 1.0;
				PRODUCT_BUNDLE_IDENTIFIER = com.shipyard.app;
				PRODUCT_NAME = "$(TARGET_NAME)";
				SDKROOT = auto;
				SUPPORTED_PLATFORMS = "iphoneos iphonesimulator macosx";
				SWIFT_EMIT_LOC_STRINGS = YES;
				SWIFT_VERSION = 5.0;
				TARGETED_DEVICE_FAMILY = "1,2";
			};
			name = Release;
		};
/* End XCBuildConfiguration section */

/* Begin XCConfigurationList section */
		A1000001229A0060 /* Build configuration list for PBXNativeTarget "Shipyard" */ = {
			isa = XCConfigurationList;
			buildConfigurations = (
				A1000001229A0092 /* Debug */,
				A1000001229A0093 /* Release */,
			);
			defaultConfigurationIsVisible = 0;
			defaultConfigurationName = Release;
		};
		A1000001229A0071 /* Build configuration list for PBXProject "Shipyard" */ = {
			isa = XCConfigurationList;
			buildConfigurations = (
				A1000001229A0090 /* Debug */,
				A1000001229A0091 /* Release */,
			);
			defaultConfigurationIsVisible = 0;
			defaultConfigurationName = Release;
		};
/* End XCConfigurationList section */

/* Begin XCRemoteSwiftPackageReference section */
		A1000001229A0080 /* XCRemoteSwiftPackageReference "NDKSwift" */ = {
			isa = XCRemoteSwiftPackageReference;
			repositoryURL = "https://github.com/pablof7z/NDKSwift.git";
			requirement = {
				branch = master;
				kind = branch;
			};
		};
/* End XCRemoteSwiftPackageReference section */

/* Begin XCSwiftPackageProductDependency section */
		A1000001229A000A /* NDKSwiftCore */ = {
			isa = XCSwiftPackageProductDependency;
			package = A1000001229A0080 /* XCRemoteSwiftPackageReference "NDKSwift" */;
			productName = NDKSwiftCore;
		};
		A1000001229A000C /* NDKSwiftUI */ = {
			isa = XCSwiftPackageProductDependency;
			package = A1000001229A0080 /* XCRemoteSwiftPackageReference "NDKSwift" */;
			productName = NDKSwiftUI;
		};
		A1000001229A000E /* NDKSwiftSQLite */ = {
			isa = XCSwiftPackageProductDependency;
			package = A1000001229A0080 /* XCRemoteSwiftPackageReference "NDKSwift" */;
			productName = NDKSwiftSQLite;
		};
/* End XCSwiftPackageProductDependency section */
	};
	rootObject = A1000001229A0070 /* Project object */;
}
